
Microsoft Visual Studio Solution File, Format Version 12.00
# Visual Studio Version 16
VisualStudioVersion = 16.0.31321.278
MinimumVisualStudioVersion = 10.0.40219.1
Project("{2150E333-8FDC-42A3-9474-1A3956D46DE8}") = "creational-design-pattern", "creational-design-pattern", "{EB14617D-76BA-4B24-BB78-5FFC157125B2}"
	ProjectSection(SolutionItems) = preProject
		creational-design-pattern.txt = creational-design-pattern.txt
	EndProjectSection
EndProject
Project("{2150E333-8FDC-42A3-9474-1A3956D46DE8}") = "structural-design-pattern", "structural-design-pattern", "{AD015E93-8F43-429C-A74C-56263A6B8C6D}"
EndProject
Project("{2150E333-8FDC-42A3-9474-1A3956D46DE8}") = "behavioral-design-pattern", "behavioral-design-pattern", "{36E5CD06-ED77-437D-AFD2-BA812BCCD4DD}"
EndProject
Project("{2150E333-8FDC-42A3-9474-1A3956D46DE8}") = "SingletonPattern", "SingletonPattern", "{C514575F-B738-43AC-9414-3573E4B1C21A}"
	ProjectSection(SolutionItems) = preProject
		singleton.txt = singleton.txt
	EndProjectSection
EndProject
Project("{9A19103F-16F7-4668-BE54-9A1E7A4F7556}") = "Creational.SingletonDesignpattern", "Singleton\Creational.SingletonDesignpattern.csproj", "{131D8DD3-B6BF-44BD-A13B-59D6E5E69F75}"
EndProject
Project("{9A19103F-16F7-4668-BE54-9A1E7A4F7556}") = "Behavioral.IteratorDesignPattern", "Behavioral.IteratorDesignPattern\Behavioral.IteratorDesignPattern.csproj", "{7CF7D764-6631-4533-B696-5E4206735652}"
EndProject
Project("{9A19103F-16F7-4668-BE54-9A1E7A4F7556}") = "Behavioral.ObserverDesignPattern", "Behavioral.ObserverDesignPattern\Behavioral.ObserverDesignPattern.csproj", "{5D23ADA0-2284-4625-A8C7-5FE49458E67D}"
EndProject
Project("{9A19103F-16F7-4668-BE54-9A1E7A4F7556}") = "Behavioral.ChainofResponsibility", "Behavioral.ChainofResponsibility\Behavioral.ChainofResponsibility.csproj", "{269C14EF-8F2F-4C69-86E8-734D798F0752}"
EndProject
Project("{FAE04EC0-301F-11D3-BF4B-00C04F79EFBC}") = "Creational.Factory", "Creational.Factory\Creational.Factory.csproj", "{B7FE1E79-BD58-481C-BE46-2AD474911AAD}"
EndProject
Project("{FAE04EC0-301F-11D3-BF4B-00C04F79EFBC}") = "Creational.Fluent", "Creational.Fluent\Creational.Fluent.csproj", "{832C9040-9C91-4527-A03B-190513E3EE8C}"
EndProject
Project("{FAE04EC0-301F-11D3-BF4B-00C04F79EFBC}") = "Creational.PrototypeDesignPattern", "Creational.PrototypeDesignPattern\Creational.PrototypeDesignPattern.csproj", "{D8DDA4F7-9805-4A39-8A9E-BCDA304E43C8}"
EndProject
Global
	GlobalSection(SolutionConfigurationPlatforms) = preSolution
		Debug|Any CPU = Debug|Any CPU
		Release|Any CPU = Release|Any CPU
	EndGlobalSection
	GlobalSection(ProjectConfigurationPlatforms) = postSolution
		{131D8DD3-B6BF-44BD-A13B-59D6E5E69F75}.Debug|Any CPU.ActiveCfg = Debug|Any CPU
		{131D8DD3-B6BF-44BD-A13B-59D6E5E69F75}.Debug|Any CPU.Build.0 = Debug|Any CPU
		{131D8DD3-B6BF-44BD-A13B-59D6E5E69F75}.Release|Any CPU.ActiveCfg = Release|Any CPU
		{131D8DD3-B6BF-44BD-A13B-59D6E5E69F75}.Release|Any CPU.Build.0 = Release|Any CPU
		{7CF7D764-6631-4533-B696-5E4206735652}.Debug|Any CPU.ActiveCfg = Debug|Any CPU
		{7CF7D764-6631-4533-B696-5E4206735652}.Debug|Any CPU.Build.0 = Debug|Any CPU
		{7CF7D764-6631-4533-B696-5E4206735652}.Release|Any CPU.ActiveCfg = Release|Any CPU
		{7CF7D764-6631-4533-B696-5E4206735652}.Release|Any CPU.Build.0 = Release|Any CPU
		{5D23ADA0-2284-4625-A8C7-5FE49458E67D}.Debug|Any CPU.ActiveCfg = Debug|Any CPU
		{5D23ADA0-2284-4625-A8C7-5FE49458E67D}.Debug|Any CPU.Build.0 = Debug|Any CPU
		{5D23ADA0-2284-4625-A8C7-5FE49458E67D}.Release|Any CPU.ActiveCfg = Release|Any CPU
		{5D23ADA0-2284-4625-A8C7-5FE49458E67D}.Release|Any CPU.Build.0 = Release|Any CPU
		{269C14EF-8F2F-4C69-86E8-734D798F0752}.Debug|Any CPU.ActiveCfg = Debug|Any CPU
		{269C14EF-8F2F-4C69-86E8-734D798F0752}.Debug|Any CPU.Build.0 = Debug|Any CPU
		{269C14EF-8F2F-4C69-86E8-734D798F0752}.Release|Any CPU.ActiveCfg = Release|Any CPU
		{269C14EF-8F2F-4C69-86E8-734D798F0752}.Release|Any CPU.Build.0 = Release|Any CPU
		{B7FE1E79-BD58-481C-BE46-2AD474911AAD}.Debug|Any CPU.ActiveCfg = Debug|Any CPU
		{B7FE1E79-BD58-481C-BE46-2AD474911AAD}.Debug|Any CPU.Build.0 = Debug|Any CPU
		{B7FE1E79-BD58-481C-BE46-2AD474911AAD}.Release|Any CPU.ActiveCfg = Release|Any CPU
		{B7FE1E79-BD58-481C-BE46-2AD474911AAD}.Release|Any CPU.Build.0 = Release|Any CPU
		{832C9040-9C91-4527-A03B-190513E3EE8C}.Debug|Any CPU.ActiveCfg = Debug|Any CPU
		{832C9040-9C91-4527-A03B-190513E3EE8C}.Debug|Any CPU.Build.0 = Debug|Any CPU
		{832C9040-9C91-4527-A03B-190513E3EE8C}.Release|Any CPU.ActiveCfg = Release|Any CPU
		{832C9040-9C91-4527-A03B-190513E3EE8C}.Release|Any CPU.Build.0 = Release|Any CPU
		{D8DDA4F7-9805-4A39-8A9E-BCDA304E43C8}.Debug|Any CPU.ActiveCfg = Debug|Any CPU
		{D8DDA4F7-9805-4A39-8A9E-BCDA304E43C8}.Debug|Any CPU.Build.0 = Debug|Any CPU
		{D8DDA4F7-9805-4A39-8A9E-BCDA304E43C8}.Release|Any CPU.ActiveCfg = Release|Any CPU
		{D8DDA4F7-9805-4A39-8A9E-BCDA304E43C8}.Release|Any CPU.Build.0 = Release|Any CPU
	EndGlobalSection
	GlobalSection(SolutionProperties) = preSolution
		HideSolutionNode = FALSE
	EndGlobalSection
	GlobalSection(NestedProjects) = preSolution
		{C514575F-B738-43AC-9414-3573E4B1C21A} = {EB14617D-76BA-4B24-BB78-5FFC157125B2}
	EndGlobalSection
	GlobalSection(ExtensibilityGlobals) = postSolution
		SolutionGuid = {98B80767-2D06-4647-841B-1F5378191521}
	EndGlobalSection
EndGlobal
